
Microsoft Visual Studio Solution File, Format Version 12.00
# Visual Studio Version 16
VisualStudioVersion = 16.0.31005.135
MinimumVisualStudioVersion = 10.0.40219.1
Project("{9A19103F-16F7-4668-BE54-9A1E7A4F7556}") = "AzureFunctionsLabs", "AzureFunctionsLabs\AzureFunctionsLabs.csproj", "{C1BA250F-C0F6-487A-8619-3D386D933004}"
EndProject
Project("{9A19103F-16F7-4668-BE54-9A1E7A4F7556}") = "AzureFunctionsLabs.DTO", "AzureFunctionsLabs.DTO\AzureFunctionsLabs.DTO.csproj", "{C145BBD8-471F-4A36-9825-6909ABAAA6F4}"
EndProject
Global
	GlobalSection(SolutionConfigurationPlatforms) = preSolution
		Debug|Any CPU = Debug|Any CPU
		Release|Any CPU = Release|Any CPU
	EndGlobalSection
	GlobalSection(ProjectConfigurationPlatforms) = postSolution
		{C1BA250F-C0F6-487A-8619-3D386D933004}.Debug|Any CPU.ActiveCfg = Debug|Any CPU
		{C1BA250F-C0F6-487A-8619-3D386D933004}.Debug|Any CPU.Build.0 = Debug|Any CPU
		{C1BA250F-C0F6-487A-8619-3D386D933004}.Release|Any CPU.ActiveCfg = Release|Any CPU
		{C1BA250F-C0F6-487A-8619-3D386D933004}.Release|Any CPU.Build.0 = Release|Any CPU
		{C145BBD8-471F-4A36-9825-6909ABAAA6F4}.Debug|Any CPU.ActiveCfg = Debug|Any CPU
		{C145BBD8-471F-4A36-9825-6909ABAAA6F4}.Debug|Any CPU.Build.0 = Debug|Any CPU
		{C145BBD8-471F-4A36-9825-6909ABAAA6F4}.Release|Any CPU.ActiveCfg = Release|Any CPU
		{C145BBD8-471F-4A36-9825-6909ABAAA6F4}.Release|Any CPU.Build.0 = Release|Any CPU
	EndGlobalSection
	GlobalSection(SolutionProperties) = preSolution
		HideSolutionNode = FALSE
	EndGlobalSection
	GlobalSection(ExtensibilityGlobals) = postSolution
		SolutionGuid = {5D54AD51-B9B7-45AA-9110-5584B039DF8C}
	EndGlobalSection
EndGlobal
